
Microsoft Visual Studio Solution File, Format Version 12.00
# Visual Studio Version 17
VisualStudioVersion = 17.6.33723.286
MinimumVisualStudioVersion = 10.0.40219.1
Project("{2150E333-8FDC-42A3-9474-1A3956D46DE8}") = "1. Core", "1. Core", "{5205472E-0E21-4DB3-91F5-C98F2AF9362D}"
EndProject
Project("{2150E333-8FDC-42A3-9474-1A3956D46DE8}") = "2. Views", "2. Views", "{DC1667CC-D240-4EDD-A3E2-3B31491ADB2C}"
EndProject
Project("{2150E333-8FDC-42A3-9474-1A3956D46DE8}") = "3. Tests", "3. Tests", "{63C8D592-1806-4B01-847C-B237E96213B7}"
EndProject
Project("{FAE04EC0-301F-11D3-BF4B-00C04F79EFBC}") = "Helpers", "Helpers\Helpers.csproj", "{DFB0EF6D-37A2-430E-8E35-CD64C9CCB127}"
EndProject
Project("{FAE04EC0-301F-11D3-BF4B-00C04F79EFBC}") = "MobileViews", "MobileViews\MobileViews.csproj", "{1849F49B-4028-4D65-B73A-9FBC3BE9BC97}"
EndProject
Project("{FAE04EC0-301F-11D3-BF4B-00C04F79EFBC}") = "MobileTests", "MobileTests\MobileTests.csproj", "{9370B735-EA36-466A-874E-90B07AB87E30}"
EndProject
Global
	GlobalSection(SolutionConfigurationPlatforms) = preSolution
		Debug|Any CPU = Debug|Any CPU
		Release|Any CPU = Release|Any CPU
	EndGlobalSection
	GlobalSection(ProjectConfigurationPlatforms) = postSolution
		{DFB0EF6D-37A2-430E-8E35-CD64C9CCB127}.Debug|Any CPU.ActiveCfg = Debug|Any CPU
		{DFB0EF6D-37A2-430E-8E35-CD64C9CCB127}.Debug|Any CPU.Build.0 = Debug|Any CPU
		{DFB0EF6D-37A2-430E-8E35-CD64C9CCB127}.Release|Any CPU.ActiveCfg = Release|Any CPU
		{DFB0EF6D-37A2-430E-8E35-CD64C9CCB127}.Release|Any CPU.Build.0 = Release|Any CPU
		{1849F49B-4028-4D65-B73A-9FBC3BE9BC97}.Debug|Any CPU.ActiveCfg = Debug|Any CPU
		{1849F49B-4028-4D65-B73A-9FBC3BE9BC97}.Debug|Any CPU.Build.0 = Debug|Any CPU
		{1849F49B-4028-4D65-B73A-9FBC3BE9BC97}.Release|Any CPU.ActiveCfg = Release|Any CPU
		{1849F49B-4028-4D65-B73A-9FBC3BE9BC97}.Release|Any CPU.Build.0 = Release|Any CPU
		{9370B735-EA36-466A-874E-90B07AB87E30}.Debug|Any CPU.ActiveCfg = Debug|Any CPU
		{9370B735-EA36-466A-874E-90B07AB87E30}.Debug|Any CPU.Build.0 = Debug|Any CPU
		{9370B735-EA36-466A-874E-90B07AB87E30}.Release|Any CPU.ActiveCfg = Release|Any CPU
		{9370B735-EA36-466A-874E-90B07AB87E30}.Release|Any CPU.Build.0 = Release|Any CPU
	EndGlobalSection
	GlobalSection(SolutionProperties) = preSolution
		HideSolutionNode = FALSE
	EndGlobalSection
	GlobalSection(NestedProjects) = preSolution
		{DFB0EF6D-37A2-430E-8E35-CD64C9CCB127} = {5205472E-0E21-4DB3-91F5-C98F2AF9362D}
		{1849F49B-4028-4D65-B73A-9FBC3BE9BC97} = {DC1667CC-D240-4EDD-A3E2-3B31491ADB2C}
		{9370B735-EA36-466A-874E-90B07AB87E30} = {63C8D592-1806-4B01-847C-B237E96213B7}
	EndGlobalSection
	GlobalSection(ExtensibilityGlobals) = postSolution
		SolutionGuid = {3281C73E-980F-4EBA-BCA4-810D5CB99FB8}
	EndGlobalSection
EndGlobal
